// !$*UTF8*$!
{
	archiveVersion = 1;
	classes = {
	};
	objectVersion = 56;
	objects = {

/* Begin PBXBuildFile section */
		1583922E29425B450010598F /* AppDelegate.swift in Sources */ = {isa = PBXBuildFile; fileRef = 1583922D29425B450010598F /* AppDelegate.swift */; };
		1583923229425B450010598F /* HomeVC.swift in Sources */ = {isa = PBXBuildFile; fileRef = 1583923129425B450010598F /* HomeVC.swift */; };
		1583923529425B450010598F /* Main.storyboard in Resources */ = {isa = PBXBuildFile; fileRef = 1583923329425B450010598F /* Main.storyboard */; };
		1583923829425B450010598F /* CoreDataCURD.xcdatamodeld in Sources */ = {isa = PBXBuildFile; fileRef = 1583923629425B450010598F /* CoreDataCURD.xcdatamodeld */; };
		1583923A29425B460010598F /* Assets.xcassets in Resources */ = {isa = PBXBuildFile; fileRef = 1583923929425B460010598F /* Assets.xcassets */; };
		1583923D29425B460010598F /* LaunchScreen.storyboard in Resources */ = {isa = PBXBuildFile; fileRef = 1583923B29425B460010598F /* LaunchScreen.storyboard */; };
		1583924B29425FC00010598F /* CDUsersDataManager.swift in Sources */ = {isa = PBXBuildFile; fileRef = 1583924A29425FC00010598F /* CDUsersDataManager.swift */; };
		15AF0A1A294DCA0200FF3E0C /* UIViewController+Extension.swift in Sources */ = {isa = PBXBuildFile; fileRef = 15AF0A19294DCA0200FF3E0C /* UIViewController+Extension.swift */; };
		15AF0A1D294F8A8600FF3E0C /* CDUser+extension.swift in Sources */ = {isa = PBXBuildFile; fileRef = 15AF0A1C294F8A8600FF3E0C /* CDUser+extension.swift */; };
		15AF0A20294F8AC900FF3E0C /* CDUser+CoreDataClass.swift in Sources */ = {isa = PBXBuildFile; fileRef = 15AF0A1E294F8AC900FF3E0C /* CDUser+CoreDataClass.swift */; };
		15AF0A21294F8AC900FF3E0C /* CDUser+CoreDataProperties.swift in Sources */ = {isa = PBXBuildFile; fileRef = 15AF0A1F294F8AC900FF3E0C /* CDUser+CoreDataProperties.swift */; };
		15C0776829452502001FEB19 /* UsersDataRepository.swift in Sources */ = {isa = PBXBuildFile; fileRef = 15C0776729452502001FEB19 /* UsersDataRepository.swift */; };
		15C0776E29452F85001FEB19 /* PersistentStorage.swift in Sources */ = {isa = PBXBuildFile; fileRef = 15C0776D29452F85001FEB19 /* PersistentStorage.swift */; };
		15D0A7FD2943B897004A141E /* DataListVC.swift in Sources */ = {isa = PBXBuildFile; fileRef = 15D0A7FC2943B897004A141E /* DataListVC.swift */; };
		15D0A8012943B9FA004A141E /* DataTblViewCell.swift in Sources */ = {isa = PBXBuildFile; fileRef = 15D0A7FF2943B9FA004A141E /* DataTblViewCell.swift */; };
		15D0A8042943BAFA004A141E /* UserModel.swift in Sources */ = {isa = PBXBuildFile; fileRef = 15D0A8032943BAF9004A141E /* UserModel.swift */; };
		15D0A8062943BBE9004A141E /* AppUtil.swift in Sources */ = {isa = PBXBuildFile; fileRef = 15D0A8052943BBE9004A141E /* AppUtil.swift */; };
		15EFAC112944C2D100BBCCDB /* DataTblViewCell.xib in Resources */ = {isa = PBXBuildFile; fileRef = 15EFAC102944C2D100BBCCDB /* DataTblViewCell.xib */; };
/* End PBXBuildFile section */

/* Begin PBXFileReference section */
		1583922A29425B450010598F /* CoreDataCURD.app */ = {isa = PBXFileReference; explicitFileType = wrapper.application; includeInIndex = 0; path = CoreDataCURD.app; sourceTree = BUILT_PRODUCTS_DIR; };
		1583922D29425B450010598F /* AppDelegate.swift */ = {isa = PBXFileReference; lastKnownFileType = sourcecode.swift; path = AppDelegate.swift; sourceTree = "<group>"; };
		1583923129425B450010598F /* HomeVC.swift */ = {isa = PBXFileReference; lastKnownFileType = sourcecode.swift; path = HomeVC.swift; sourceTree = "<group>"; };
		1583923429425B450010598F /* Base */ = {isa = PBXFileReference; lastKnownFileType = file.storyboard; name = Base; path = Base.lproj/Main.storyboard; sourceTree = "<group>"; };
		1583923729425B450010598F /* CoreDataCURD.xcdatamodel */ = {isa = PBXFileReference; lastKnownFileType = wrapper.xcdatamodel; path = CoreDataCURD.xcdatamodel; sourceTree = "<group>"; };
		1583923929425B460010598F /* Assets.xcassets */ = {isa = PBXFileReference; lastKnownFileType = folder.assetcatalog; path = Assets.xcassets; sourceTree = "<group>"; };
		1583923C29425B460010598F /* Base */ = {isa = PBXFileReference; lastKnownFileType = file.storyboard; name = Base; path = Base.lproj/LaunchScreen.storyboard; sourceTree = "<group>"; };
		1583923E29425B460010598F /* Info.plist */ = {isa = PBXFileReference; lastKnownFileType = text.plist.xml; path = Info.plist; sourceTree = "<group>"; };
		1583924A29425FC00010598F /* CDUsersDataManager.swift */ = {isa = PBXFileReference; lastKnownFileType = sourcecode.swift; path = CDUsersDataManager.swift; sourceTree = "<group>"; };
		15AF0A19294DCA0200FF3E0C /* UIViewController+Extension.swift */ = {isa = PBXFileReference; lastKnownFileType = sourcecode.swift; path = "UIViewController+Extension.swift"; sourceTree = "<group>"; };
		15AF0A1C294F8A8600FF3E0C /* CDUser+extension.swift */ = {isa = PBXFileReference; lastKnownFileType = sourcecode.swift; path = "CDUser+extension.swift"; sourceTree = "<group>"; };
		15AF0A1E294F8AC900FF3E0C /* CDUser+CoreDataClass.swift */ = {isa = PBXFileReference; lastKnownFileType = sourcecode.swift; path = "CDUser+CoreDataClass.swift"; sourceTree = "<group>"; };
		15AF0A1F294F8AC900FF3E0C /* CDUser+CoreDataProperties.swift */ = {isa = PBXFileReference; lastKnownFileType = sourcecode.swift; path = "CDUser+CoreDataProperties.swift"; sourceTree = "<group>"; };
		15C0776729452502001FEB19 /* UsersDataRepository.swift */ = {isa = PBXFileReference; lastKnownFileType = sourcecode.swift; path = UsersDataRepository.swift; sourceTree = "<group>"; };
		15C0776D29452F85001FEB19 /* PersistentStorage.swift */ = {isa = PBXFileReference; lastKnownFileType = sourcecode.swift; path = PersistentStorage.swift; sourceTree = "<group>"; };
		15D0A7FC2943B897004A141E /* DataListVC.swift */ = {isa = PBXFileReference; lastKnownFileType = sourcecode.swift; path = DataListVC.swift; sourceTree = "<group>"; };
		15D0A7FF2943B9FA004A141E /* DataTblViewCell.swift */ = {isa = PBXFileReference; lastKnownFileType = sourcecode.swift; path = DataTblViewCell.swift; sourceTree = "<group>"; };
		15D0A8032943BAF9004A141E /* UserModel.swift */ = {isa = PBXFileReference; lastKnownFileType = sourcecode.swift; path = UserModel.swift; sourceTree = "<group>"; };
		15D0A8052943BBE9004A141E /* AppUtil.swift */ = {isa = PBXFileReference; lastKnownFileType = sourcecode.swift; path = AppUtil.swift; sourceTree = "<group>"; };
		15EFAC102944C2D100BBCCDB /* DataTblViewCell.xib */ = {isa = PBXFileReference; fileEncoding = 4; lastKnownFileType = file.xib; path = DataTblViewCell.xib; sourceTree = "<group>"; };
/* End PBXFileReference section */

/* Begin PBXFrameworksBuildPhase section */
		1583922729425B450010598F /* Frameworks */ = {
			isa = PBXFrameworksBuildPhase;
			buildActionMask = 2147483647;
			files = (
			);
			runOnlyForDeploymentPostprocessing = 0;
		};
/* End PBXFrameworksBuildPhase section */

/* Begin PBXGroup section */
		1583922129425B450010598F = {
			isa = PBXGroup;
			children = (
				1583922C29425B450010598F /* CoreDataCURD */,
				1583922B29425B450010598F /* Products */,
			);
			sourceTree = "<group>";
		};
		1583922B29425B450010598F /* Products */ = {
			isa = PBXGroup;
			children = (
				1583922A29425B450010598F /* CoreDataCURD.app */,
			);
			name = Products;
			sourceTree = "<group>";
		};
		1583922C29425B450010598F /* CoreDataCURD */ = {
			isa = PBXGroup;
			children = (
				1583924429425CF30010598F /* Application */,
				15AF0A17294DC98800FF3E0C /* Extensions */,
				15AF0A16294DC53100FF3E0C /* Managers */,
				15C07766294524D9001FEB19 /* Repository */,
				1583924529425D050010598F /* MVC */,
				1583923929425B460010598F /* Assets.xcassets */,
				1583923E29425B460010598F /* Info.plist */,
				1583923629425B450010598F /* CoreDataCURD.xcdatamodeld */,
			);
			path = CoreDataCURD;
			sourceTree = "<group>";
		};
		1583924429425CF30010598F /* Application */ = {
			isa = PBXGroup;
			children = (
				1583922D29425B450010598F /* AppDelegate.swift */,
			);
			path = Application;
			sourceTree = "<group>";
		};
		1583924529425D050010598F /* MVC */ = {
			isa = PBXGroup;
			children = (
				1583924929425D390010598F /* Model */,
				1583924629425D110010598F /* Controller */,
				1583924729425D1D0010598F /* View */,
			);
			path = MVC;
			sourceTree = "<group>";
		};
		1583924629425D110010598F /* Controller */ = {
			isa = PBXGroup;
			children = (
				1583923129425B450010598F /* HomeVC.swift */,
				15D0A7FC2943B897004A141E /* DataListVC.swift */,
			);
			path = Controller;
			sourceTree = "<group>";
		};
		1583924729425D1D0010598F /* View */ = {
			isa = PBXGroup;
			children = (
				15D0A7FE2943B9DC004A141E /* Cells */,
				1583924829425D250010598F /* Storyboard */,
			);
			path = View;
			sourceTree = "<group>";
		};
		1583924829425D250010598F /* Storyboard */ = {
			isa = PBXGroup;
			children = (
				1583923329425B450010598F /* Main.storyboard */,
				1583923B29425B460010598F /* LaunchScreen.storyboard */,
			);
			path = Storyboard;
			sourceTree = "<group>";
		};
		1583924929425D390010598F /* Model */ = {
			isa = PBXGroup;
			children = (
				15D0A80C2944BE75004A141E /* CoreDataClasses */,
				15D0A8032943BAF9004A141E /* UserModel.swift */,
				15D0A8052943BBE9004A141E /* AppUtil.swift */,
			);
			path = Model;
			sourceTree = "<group>";
		};
		15AF0A16294DC53100FF3E0C /* Managers */ = {
			isa = PBXGroup;
			children = (
				1583924A29425FC00010598F /* CDUsersDataManager.swift */,
				15C0776D29452F85001FEB19 /* PersistentStorage.swift */,
			);
			path = Managers;
			sourceTree = "<group>";
		};
		15AF0A17294DC98800FF3E0C /* Extensions */ = {
			isa = PBXGroup;
			children = (
				15AF0A18294DC99B00FF3E0C /* UIKit */,
			);
			path = Extensions;
			sourceTree = "<group>";
		};
		15AF0A18294DC99B00FF3E0C /* UIKit */ = {
			isa = PBXGroup;
			children = (
				15AF0A19294DCA0200FF3E0C /* UIViewController+Extension.swift */,
			);
			path = UIKit;
			sourceTree = "<group>";
		};
		15AF0A1B294F8A6400FF3E0C /* CoreDataClasses+extensions */ = {
			isa = PBXGroup;
			children = (
				15AF0A1C294F8A8600FF3E0C /* CDUser+extension.swift */,
			);
			path = "CoreDataClasses+extensions";
			sourceTree = "<group>";
		};
		15C07766294524D9001FEB19 /* Repository */ = {
			isa = PBXGroup;
			children = (
				15C0776729452502001FEB19 /* UsersDataRepository.swift */,
			);
			path = Repository;
			sourceTree = "<group>";
		};
		15D0A7FE2943B9DC004A141E /* Cells */ = {
			isa = PBXGroup;
			children = (
				15D0A7FF2943B9FA004A141E /* DataTblViewCell.swift */,
				15EFAC102944C2D100BBCCDB /* DataTblViewCell.xib */,
			);
			path = Cells;
			sourceTree = "<group>";
		};
		15D0A80C2944BE75004A141E /* CoreDataClasses */ = {
			isa = PBXGroup;
			children = (
				15AF0A1E294F8AC900FF3E0C /* CDUser+CoreDataClass.swift */,
				15AF0A1F294F8AC900FF3E0C /* CDUser+CoreDataProperties.swift */,
				15AF0A1B294F8A6400FF3E0C /* CoreDataClasses+extensions */,
			);
			path = CoreDataClasses;
			sourceTree = "<group>";
		};
/* End PBXGroup section */

/* Begin PBXNativeTarget section */
		1583922929425B450010598F /* CoreDataCURD */ = {
			isa = PBXNativeTarget;
			buildConfigurationList = 1583924129425B460010598F /* Build configuration list for PBXNativeTarget "CoreDataCURD" */;
			buildPhases = (
				1583922629425B450010598F /* Sources */,
				1583922729425B450010598F /* Frameworks */,
				1583922829425B450010598F /* Resources */,
			);
			buildRules = (
			);
			dependencies = (
			);
			name = CoreDataCURD;
			productName = CoreDataCURD;
			productReference = 1583922A29425B450010598F /* CoreDataCURD.app */;
			productType = "com.apple.product-type.application";
		};
/* End PBXNativeTarget section */

/* Begin PBXProject section */
		1583922229425B450010598F /* Project object */ = {
			isa = PBXProject;
			attributes = {
				BuildIndependentTargetsInParallel = 1;
				LastSwiftUpdateCheck = 1410;
				LastUpgradeCheck = 1410;
				TargetAttributes = {
					1583922929425B450010598F = {
						CreatedOnToolsVersion = 14.1;
					};
				};
			};
			buildConfigurationList = 1583922529425B450010598F /* Build configuration list for PBXProject "CoreDataCURD" */;
			compatibilityVersion = "Xcode 14.0";
			developmentRegion = en;
			hasScannedForEncodings = 0;
			knownRegions = (
				en,
				Base,
			);
			mainGroup = 1583922129425B450010598F;
			productRefGroup = 1583922B29425B450010598F /* Products */;
			projectDirPath = "";
			projectRoot = "";
			targets = (
				1583922929425B450010598F /* CoreDataCURD */,
			);
		};
/* End PBXProject section */

/* Begin PBXResourcesBuildPhase section */
		1583922829425B450010598F /* Resources */ = {
			isa = PBXResourcesBuildPhase;
			buildActionMask = 2147483647;
			files = (
				1583923D29425B460010598F /* LaunchScreen.storyboard in Resources */,
				1583923A29425B460010598F /* Assets.xcassets in Resources */,
				1583923529425B450010598F /* Main.storyboard in Resources */,
				15EFAC112944C2D100BBCCDB /* DataTblViewCell.xib in Resources */,
			);
			runOnlyForDeploymentPostprocessing = 0;
		};
/* End PBXResourcesBuildPhase section */

/* Begin PBXSourcesBuildPhase section */
		1583922629425B450010598F /* Sources */ = {
			isa = PBXSourcesBuildPhase;
			buildActionMask = 2147483647;
			files = (
				15C0776E29452F85001FEB19 /* PersistentStorage.swift in Sources */,
				15AF0A1D294F8A8600FF3E0C /* CDUser+extension.swift in Sources */,
				15AF0A1A294DCA0200FF3E0C /* UIViewController+Extension.swift in Sources */,
				1583923229425B450010598F /* HomeVC.swift in Sources */,
				15D0A8042943BAFA004A141E /* UserModel.swift in Sources */,
				1583924B29425FC00010598F /* CDUsersDataManager.swift in Sources */,
				15AF0A20294F8AC900FF3E0C /* CDUser+CoreDataClass.swift in Sources */,
				1583922E29425B450010598F /* AppDelegate.swift in Sources */,
				15D0A7FD2943B897004A141E /* DataListVC.swift in Sources */,
				1583923829425B450010598F /* CoreDataCURD.xcdatamodeld in Sources */,
				15D0A8012943B9FA004A141E /* DataTblViewCell.swift in Sources */,
				15AF0A21294F8AC900FF3E0C /* CDUser+CoreDataProperties.swift in Sources */,
				15D0A8062943BBE9004A141E /* AppUtil.swift in Sources */,
				15C0776829452502001FEB19 /* UsersDataRepository.swift in Sources */,
			);
			runOnlyForDeploymentPostprocessing = 0;
		};
/* End PBXSourcesBuildPhase section */

/* Begin PBXVariantGroup section */
		1583923329425B450010598F /* Main.storyboard */ = {
			isa = PBXVariantGroup;
			children = (
				1583923429425B450010598F /* Base */,
			);
			name = Main.storyboard;
			sourceTree = "<group>";
		};
		1583923B29425B460010598F /* LaunchScreen.storyboard */ = {
			isa = PBXVariantGroup;
			children = (
				1583923C29425B460010598F /* Base */,
			);
			name = LaunchScreen.storyboard;
			sourceTree = "<group>";
		};
/* End PBXVariantGroup section */

/* Begin XCBuildConfiguration section */
		1583923F29425B460010598F /* Debug */ = {
			isa = XCBuildConfiguration;
			buildSettings = {
				ALWAYS_SEARCH_USER_PATHS = NO;
				CLANG_ANALYZER_NONNULL = YES;
				CLANG_ANALYZER_NUMBER_OBJECT_CONVERSION = YES_AGGRESSIVE;
				CLANG_CXX_LANGUAGE_STANDARD = "gnu++20";
				CLANG_ENABLE_MODULES = YES;
				CLANG_ENABLE_OBJC_ARC = YES;
				CLANG_ENABLE_OBJC_WEAK = YES;
				CLANG_WARN_BLOCK_CAPTURE_AUTORELEASING = YES;
				CLANG_WARN_BOOL_CONVERSION = YES;
				CLANG_WARN_COMMA = YES;
				CLANG_WARN_CONSTANT_CONVERSION = YES;
				CLANG_WARN_DEPRECATED_OBJC_IMPLEMENTATIONS = YES;
				CLANG_WARN_DIRECT_OBJC_ISA_USAGE = YES_ERROR;
				CLANG_WARN_DOCUMENTATION_COMMENTS = YES;
				CLANG_WARN_EMPTY_BODY = YES;
				CLANG_WARN_ENUM_CONVERSION = YES;
				CLANG_WARN_INFINITE_RECURSION = YES;
				CLANG_WARN_INT_CONVERSION = YES;
				CLANG_WARN_NON_LITERAL_NULL_CONVERSION = YES;
				CLANG_WARN_OBJC_IMPLICIT_RETAIN_SELF = YES;
				CLANG_WARN_OBJC_LITERAL_CONVERSION = YES;
				CLANG_WARN_OBJC_ROOT_CLASS = YES_ERROR;
				CLANG_WARN_QUOTED_INCLUDE_IN_FRAMEWORK_HEADER = YES;
				CLANG_WARN_RANGE_LOOP_ANALYSIS = YES;
				CLANG_WARN_STRICT_PROTOTYPES = YES;
				CLANG_WARN_SUSPICIOUS_MOVE = YES;
				CLANG_WARN_UNGUARDED_AVAILABILITY = YES_AGGRESSIVE;
				CLANG_WARN_UNREACHABLE_CODE = YES;
				CLANG_WARN__DUPLICATE_METHOD_MATCH = YES;
				COPY_PHASE_STRIP = NO;
				DEBUG_INFORMATION_FORMAT = dwarf;
				ENABLE_STRICT_OBJC_MSGSEND = YES;
				ENABLE_TESTABILITY = YES;
				GCC_C_LANGUAGE_STANDARD = gnu11;
				GCC_DYNAMIC_NO_PIC = NO;
				GCC_NO_COMMON_BLOCKS = YES;
				GCC_OPTIMIZATION_LEVEL = 0;
				GCC_PREPROCESSOR_DEFINITIONS = (
					"DEBUG=1",
					"$(inherited)",
				);
				GCC_WARN_64_TO_32_BIT_CONVERSION = YES;
				GCC_WARN_ABOUT_RETURN_TYPE = YES_ERROR;
				GCC_WARN_UNDECLARED_SELECTOR = YES;
				GCC_WARN_UNINITIALIZED_AUTOS = YES_AGGRESSIVE;
				GCC_WARN_UNUSED_FUNCTION = YES;
				GCC_WARN_UNUSED_VARIABLE = YES;
				IPHONEOS_DEPLOYMENT_TARGET = 16.1;
				MTL_ENABLE_DEBUG_INFO = INCLUDE_SOURCE;
				MTL_FAST_MATH = YES;
				ONLY_ACTIVE_ARCH = YES;
				SDKROOT = iphoneos;
				SWIFT_ACTIVE_COMPILATION_CONDITIONS = DEBUG;
				SWIFT_OPTIMIZATION_LEVEL = "-Onone";
			};
			name = Debug;
		};
		1583924029425B460010598F /* Release */ = {
			isa = XCBuildConfiguration;
			buildSettings = {
				ALWAYS_SEARCH_USER_PATHS = NO;
				CLANG_ANALYZER_NONNULL = YES;
				CLANG_ANALYZER_NUMBER_OBJECT_CONVERSION = YES_AGGRESSIVE;
				CLANG_CXX_LANGUAGE_STANDARD = "gnu++20";
				CLANG_ENABLE_MODULES = YES;
				CLANG_ENABLE_OBJC_ARC = YES;
				CLANG_ENABLE_OBJC_WEAK = YES;
				CLANG_WARN_BLOCK_CAPTURE_AUTORELEASING = YES;
				CLANG_WARN_BOOL_CONVERSION = YES;
				CLANG_WARN_COMMA = YES;
				CLANG_WARN_CONSTANT_CONVERSION = YES;
				CLANG_WARN_DEPRECATED_OBJC_IMPLEMENTATIONS = YES;
				CLANG_WARN_DIRECT_OBJC_ISA_USAGE = YES_ERROR;
				CLANG_WARN_DOCUMENTATION_COMMENTS = YES;
				CLANG_WARN_EMPTY_BODY = YES;
				CLANG_WARN_ENUM_CONVERSION = YES;
				CLANG_WARN_INFINITE_RECURSION = YES;
				CLANG_WARN_INT_CONVERSION = YES;
				CLANG_WARN_NON_LITERAL_NULL_CONVERSION = YES;
				CLANG_WARN_OBJC_IMPLICIT_RETAIN_SELF = YES;
				CLANG_WARN_OBJC_LITERAL_CONVERSION = YES;
				CLANG_WARN_OBJC_ROOT_CLASS = YES_ERROR;
				CLANG_WARN_QUOTED_INCLUDE_IN_FRAMEWORK_HEADER = YES;
				CLANG_WARN_RANGE_LOOP_ANALYSIS = YES;
				CLANG_WARN_STRICT_PROTOTYPES = YES;
				CLANG_WARN_SUSPICIOUS_MOVE = YES;
				CLANG_WARN_UNGUARDED_AVAILABILITY = YES_AGGRESSIVE;
				CLANG_WARN_UNREACHABLE_CODE = YES;
				CLANG_WARN__DUPLICATE_METHOD_MATCH = YES;
				COPY_PHASE_STRIP = NO;
				DEBUG_INFORMATION_FORMAT = "dwarf-with-dsym";
				ENABLE_NS_ASSERTIONS = NO;
				ENABLE_STRICT_OBJC_MSGSEND = YES;
				GCC_C_LANGUAGE_STANDARD = gnu11;
				GCC_NO_COMMON_BLOCKS = YES;
				GCC_WARN_64_TO_32_BIT_CONVERSION = YES;
				GCC_WARN_ABOUT_RETURN_TYPE = YES_ERROR;
				GCC_WARN_UNDECLARED_SELECTOR = YES;
				GCC_WARN_UNINITIALIZED_AUTOS = YES_AGGRESSIVE;
				GCC_WARN_UNUSED_FUNCTION = YES;
				GCC_WARN_UNUSED_VARIABLE = YES;
				IPHONEOS_DEPLOYMENT_TARGET = 16.1;
				MTL_ENABLE_DEBUG_INFO = NO;
				MTL_FAST_MATH = YES;
				SDKROOT = iphoneos;
				SWIFT_COMPILATION_MODE = wholemodule;
				SWIFT_OPTIMIZATION_LEVEL = "-O";
				VALIDATE_PRODUCT = YES;
			};
			name = Release;
		};
		1583924229425B460010598F /* Debug */ = {
			isa = XCBuildConfiguration;
			buildSettings = {
				ASSETCATALOG_COMPILER_APPICON_NAME = AppIcon;
				ASSETCATALOG_COMPILER_GLOBAL_ACCENT_COLOR_NAME = AccentColor;
				CODE_SIGN_STYLE = Automatic;
				CURRENT_PROJECT_VERSION = 1;
				GENERATE_INFOPLIST_FILE = YES;
				INFOPLIST_FILE = CoreDataCURD/Info.plist;
				INFOPLIST_KEY_UIApplicationSupportsIndirectInputEvents = YES;
				INFOPLIST_KEY_UILaunchStoryboardName = LaunchScreen;
				INFOPLIST_KEY_UIMainStoryboardFile = Main;
				INFOPLIST_KEY_UISupportedInterfaceOrientations = UIInterfaceOrientationPortrait;
				INFOPLIST_KEY_UISupportedInterfaceOrientations_iPad = "UIInterfaceOrientationLandscapeLeft UIInterfaceOrientationLandscapeRight UIInterfaceOrientationPortrait UIInterfaceOrientationPortraitUpsideDown";
				IPHONEOS_DEPLOYMENT_TARGET = 14.0;
				LD_RUNPATH_SEARCH_PATHS = (
					"$(inherited)",
					"@executable_path/Frameworks",
				);
				MARKETING_VERSION = 1.0;
				PRODUCT_BUNDLE_IDENTIFIER = com.pg.demo.CoreDataCURD;
				PRODUCT_NAME = "$(TARGET_NAME)";
				SUPPORTED_PLATFORMS = "iphoneos iphonesimulator";
				SUPPORTS_MACCATALYST = NO;
				SUPPORTS_MAC_DESIGNED_FOR_IPHONE_IPAD = NO;
				SWIFT_EMIT_LOC_STRINGS = YES;
				SWIFT_VERSION = 5.0;
				TARGETED_DEVICE_FAMILY = 1;
			};
			name = Debug;
		};
		1583924329425B460010598F /* Release */ = {
			isa = XCBuildConfiguration;
			buildSettings = {
				ASSETCATALOG_COMPILER_APPICON_NAME = AppIcon;
				ASSETCATALOG_COMPILER_GLOBAL_ACCENT_COLOR_NAME = AccentColor;
				CODE_SIGN_STYLE = Automatic;
				CURRENT_PROJECT_VERSION = 1;
				GENERATE_INFOPLIST_FILE = YES;
				INFOPLIST_FILE = CoreDataCURD/Info.plist;
				INFOPLIST_KEY_UIApplicationSupportsIndirectInputEvents = YES;
				INFOPLIST_KEY_UILaunchStoryboardName = LaunchScreen;
				INFOPLIST_KEY_UIMainStoryboardFile = Main;
				INFOPLIST_KEY_UISupportedInterfaceOrientations = UIInterfaceOrientationPortrait;
				INFOPLIST_KEY_UISupportedInterfaceOrientations_iPad = "UIInterfaceOrientationLandscapeLeft UIInterfaceOrientationLandscapeRight UIInterfaceOrientationPortrait UIInterfaceOrientationPortraitUpsideDown";
				IPHONEOS_DEPLOYMENT_TARGET = 14.0;
				LD_RUNPATH_SEARCH_PATHS = (
					"$(inherited)",
					"@executable_path/Frameworks",
				);
				MARKETING_VERSION = 1.0;
				PRODUCT_BUNDLE_IDENTIFIER = com.pg.demo.CoreDataCURD;
				PRODUCT_NAME = "$(TARGET_NAME)";
				SUPPORTED_PLATFORMS = "iphoneos iphonesimulator";
				SUPPORTS_MACCATALYST = NO;
				SUPPORTS_MAC_DESIGNED_FOR_IPHONE_IPAD = NO;
				SWIFT_EMIT_LOC_STRINGS = YES;
				SWIFT_VERSION = 5.0;
				TARGETED_DEVICE_FAMILY = 1;
			};
			name = Release;
		};
/* End XCBuildConfiguration section */

/* Begin XCConfigurationList section */
		1583922529425B450010598F /* Build configuration list for PBXProject "CoreDataCURD" */ = {
			isa = XCConfigurationList;
			buildConfigurations = (
				1583923F29425B460010598F /* Debug */,
				1583924029425B460010598F /* Release */,
			);
			defaultConfigurationIsVisible = 0;
			defaultConfigurationName = Release;
		};
		1583924129425B460010598F /* Build configuration list for PBXNativeTarget "CoreDataCURD" */ = {
			isa = XCConfigurationList;
			buildConfigurations = (
				1583924229425B460010598F /* Debug */,
				1583924329425B460010598F /* Release */,
			);
			defaultConfigurationIsVisible = 0;
			defaultConfigurationName = Release;
		};
/* End XCConfigurationList section */

/* Begin XCVersionGroup section */
		1583923629425B450010598F /* CoreDataCURD.xcdatamodeld */ = {
			isa = XCVersionGroup;
			children = (
				1583923729425B450010598F /* CoreDataCURD.xcdatamodel */,
			);
			currentVersion = 1583923729425B450010598F /* CoreDataCURD.xcdatamodel */;
			path = CoreDataCURD.xcdatamodeld;
			sourceTree = "<group>";
			versionGroupType = wrapper.xcdatamodel;
		};
/* End XCVersionGroup section */
	};
	rootObject = 1583922229425B450010598F /* Project object */;
}
